
Microsoft Visual Studio Solution File, Format Version 12.00
# Visual Studio 15
VisualStudioVersion = 15.0.28307.168
MinimumVisualStudioVersion = 10.0.40219.1
Project("{FAE04EC0-301F-11D3-BF4B-00C04F79EFBC}") = "PadawansTask13", "PadawansTask13.csproj", "{6ABE1101-431D-49FE-8859-313D3D9BF96C}"
EndProject
Global
	GlobalSection(SolutionConfigurationPlatforms) = preSolution
		Debug|Any CPU = Debug|Any CPU
		Release|Any CPU = Release|Any CPU
	EndGlobalSection
	GlobalSection(ProjectConfigurationPlatforms) = postSolution
		{6ABE1101-431D-49FE-8859-313D3D9BF96C}.Debug|Any CPU.ActiveCfg = Debug|Any CPU
		{6ABE1101-431D-49FE-8859-313D3D9BF96C}.Debug|Any CPU.Build.0 = Debug|Any CPU
		{6ABE1101-431D-49FE-8859-313D3D9BF96C}.Release|Any CPU.ActiveCfg = Release|Any CPU
		{6ABE1101-431D-49FE-8859-313D3D9BF96C}.Release|Any CPU.Build.0 = Release|Any CPU
	EndGlobalSection
	GlobalSection(SolutionProperties) = preSolution
		HideSolutionNode = FALSE
	EndGlobalSection
	GlobalSection(ExtensibilityGlobals) = postSolution
		SolutionGuid = {225ECA2D-4884-460C-B621-DBB61F65ADC8}
	EndGlobalSection
EndGlobal
